
Microsoft Visual Studio Solution File, Format Version 12.00
# Visual Studio Version 16
VisualStudioVersion = 16.0.29306.81
MinimumVisualStudioVersion = 10.0.40219.1
Project("{FAE04EC0-301F-11D3-BF4B-00C04F79EFBC}") = "KafkaConsole", "KafkaConsole.csproj", "{401583F9-C2CB-47B2-AC64-85AC0D62FA48}"
EndProject
Global
	GlobalSection(SolutionConfigurationPlatforms) = preSolution
		Debug|Any CPU = Debug|Any CPU
		Release|Any CPU = Release|Any CPU
	EndGlobalSection
	GlobalSection(ProjectConfigurationPlatforms) = postSolution
		{401583F9-C2CB-47B2-AC64-85AC0D62FA48}.Debug|Any CPU.ActiveCfg = Debug|Any CPU
		{401583F9-C2CB-47B2-AC64-85AC0D62FA48}.Debug|Any CPU.Build.0 = Debug|Any CPU
		{401583F9-C2CB-47B2-AC64-85AC0D62FA48}.Release|Any CPU.ActiveCfg = Release|Any CPU
		{401583F9-C2CB-47B2-AC64-85AC0D62FA48}.Release|Any CPU.Build.0 = Release|Any CPU
	EndGlobalSection
	GlobalSection(SolutionProperties) = preSolution
		HideSolutionNode = FALSE
	EndGlobalSection
	GlobalSection(ExtensibilityGlobals) = postSolution
		SolutionGuid = {D6EC2914-7F68-473C-AA4C-AF0B14454CCD}
	EndGlobalSection
EndGlobal
